
Microsoft Visual Studio Solution File, Format Version 12.00
# Visual Studio 15
VisualStudioVersion = 15.0.26124.0
MinimumVisualStudioVersion = 15.0.26124.0
Project("{2150E333-8FDC-42A3-9474-1A3956D46DE8}") = "src", "src", "{CFE00C2B-C4B4-427C-BAA2-C52C9106BBBB}"
EndProject
Project("{FAE04EC0-301F-11D3-BF4B-00C04F79EFBC}") = "MyDotey.ObjectPool", "src\MyDotey.ObjectPool\MyDotey.ObjectPool.csproj", "{93337D1A-BFDE-4D0D-A3E7-2B0D08FFD967}"
EndProject
Project("{2150E333-8FDC-42A3-9474-1A3956D46DE8}") = "test", "test", "{978F97F5-B712-4737-BA26-F5CE8382597F}"
EndProject
Project("{FAE04EC0-301F-11D3-BF4B-00C04F79EFBC}") = "MyDotey.ObjectPool.Tests", "test\MyDotey.ObjectPool.Tests\MyDotey.ObjectPool.Tests.csproj", "{0BF574E2-83AC-4BCC-90D1-571FD3FE6D72}"
EndProject
Global
	GlobalSection(SolutionConfigurationPlatforms) = preSolution
		Debug|Any CPU = Debug|Any CPU
		Debug|x64 = Debug|x64
		Debug|x86 = Debug|x86
		Release|Any CPU = Release|Any CPU
		Release|x64 = Release|x64
		Release|x86 = Release|x86
	EndGlobalSection
	GlobalSection(SolutionProperties) = preSolution
		HideSolutionNode = FALSE
	EndGlobalSection
	GlobalSection(ProjectConfigurationPlatforms) = postSolution
		{93337D1A-BFDE-4D0D-A3E7-2B0D08FFD967}.Debug|Any CPU.ActiveCfg = Debug|Any CPU
		{93337D1A-BFDE-4D0D-A3E7-2B0D08FFD967}.Debug|Any CPU.Build.0 = Debug|Any CPU
		{93337D1A-BFDE-4D0D-A3E7-2B0D08FFD967}.Debug|x64.ActiveCfg = Debug|x64
		{93337D1A-BFDE-4D0D-A3E7-2B0D08FFD967}.Debug|x64.Build.0 = Debug|x64
		{93337D1A-BFDE-4D0D-A3E7-2B0D08FFD967}.Debug|x86.ActiveCfg = Debug|x86
		{93337D1A-BFDE-4D0D-A3E7-2B0D08FFD967}.Debug|x86.Build.0 = Debug|x86
		{93337D1A-BFDE-4D0D-A3E7-2B0D08FFD967}.Release|Any CPU.ActiveCfg = Release|Any CPU
		{93337D1A-BFDE-4D0D-A3E7-2B0D08FFD967}.Release|Any CPU.Build.0 = Release|Any CPU
		{93337D1A-BFDE-4D0D-A3E7-2B0D08FFD967}.Release|x64.ActiveCfg = Release|x64
		{93337D1A-BFDE-4D0D-A3E7-2B0D08FFD967}.Release|x64.Build.0 = Release|x64
		{93337D1A-BFDE-4D0D-A3E7-2B0D08FFD967}.Release|x86.ActiveCfg = Release|x86
		{93337D1A-BFDE-4D0D-A3E7-2B0D08FFD967}.Release|x86.Build.0 = Release|x86
		{0BF574E2-83AC-4BCC-90D1-571FD3FE6D72}.Debug|Any CPU.ActiveCfg = Debug|Any CPU
		{0BF574E2-83AC-4BCC-90D1-571FD3FE6D72}.Debug|Any CPU.Build.0 = Debug|Any CPU
		{0BF574E2-83AC-4BCC-90D1-571FD3FE6D72}.Debug|x64.ActiveCfg = Debug|x64
		{0BF574E2-83AC-4BCC-90D1-571FD3FE6D72}.Debug|x64.Build.0 = Debug|x64
		{0BF574E2-83AC-4BCC-90D1-571FD3FE6D72}.Debug|x86.ActiveCfg = Debug|x86
		{0BF574E2-83AC-4BCC-90D1-571FD3FE6D72}.Debug|x86.Build.0 = Debug|x86
		{0BF574E2-83AC-4BCC-90D1-571FD3FE6D72}.Release|Any CPU.ActiveCfg = Release|Any CPU
		{0BF574E2-83AC-4BCC-90D1-571FD3FE6D72}.Release|Any CPU.Build.0 = Release|Any CPU
		{0BF574E2-83AC-4BCC-90D1-571FD3FE6D72}.Release|x64.ActiveCfg = Release|x64
		{0BF574E2-83AC-4BCC-90D1-571FD3FE6D72}.Release|x64.Build.0 = Release|x64
		{0BF574E2-83AC-4BCC-90D1-571FD3FE6D72}.Release|x86.ActiveCfg = Release|x86
		{0BF574E2-83AC-4BCC-90D1-571FD3FE6D72}.Release|x86.Build.0 = Release|x86
	EndGlobalSection
	GlobalSection(NestedProjects) = preSolution
		{93337D1A-BFDE-4D0D-A3E7-2B0D08FFD967} = {CFE00C2B-C4B4-427C-BAA2-C52C9106BBBB}
		{0BF574E2-83AC-4BCC-90D1-571FD3FE6D72} = {978F97F5-B712-4737-BA26-F5CE8382597F}
	EndGlobalSection
EndGlobal
